
Microsoft Visual Studio Solution File, Format Version 12.00
# Visual Studio 15
VisualStudioVersion = 15.0.28307.1684
MinimumVisualStudioVersion = 10.0.40219.1
Project("{FAE04EC0-301F-11D3-BF4B-00C04F79EFBC}") = "WindowsAutomationSuite", "WindowsAutomationSuite\WindowsAutomationSuite.csproj", "{56D01FBC-FEDD-4D8D-BBD5-685C08F648EC}"
EndProject
Project("{FAE04EC0-301F-11D3-BF4B-00C04F79EFBC}") = "WindowsAutomationSuite.Common", "WindowsAutomationSuite.Common\WindowsAutomationSuite.Common.csproj", "{77A17D85-A23D-4D9D-AE19-8E3F29F7E5E5}"
EndProject
Global
	GlobalSection(SolutionConfigurationPlatforms) = preSolution
		Debug|Any CPU = Debug|Any CPU
		Release|Any CPU = Release|Any CPU
	EndGlobalSection
	GlobalSection(ProjectConfigurationPlatforms) = postSolution
		{56D01FBC-FEDD-4D8D-BBD5-685C08F648EC}.Debug|Any CPU.ActiveCfg = Debug|Any CPU
		{56D01FBC-FEDD-4D8D-BBD5-685C08F648EC}.Debug|Any CPU.Build.0 = Debug|Any CPU
		{56D01FBC-FEDD-4D8D-BBD5-685C08F648EC}.Release|Any CPU.ActiveCfg = Release|Any CPU
		{56D01FBC-FEDD-4D8D-BBD5-685C08F648EC}.Release|Any CPU.Build.0 = Release|Any CPU
		{77A17D85-A23D-4D9D-AE19-8E3F29F7E5E5}.Debug|Any CPU.ActiveCfg = Debug|Any CPU
		{77A17D85-A23D-4D9D-AE19-8E3F29F7E5E5}.Debug|Any CPU.Build.0 = Debug|Any CPU
		{77A17D85-A23D-4D9D-AE19-8E3F29F7E5E5}.Release|Any CPU.ActiveCfg = Release|Any CPU
		{77A17D85-A23D-4D9D-AE19-8E3F29F7E5E5}.Release|Any CPU.Build.0 = Release|Any CPU
	EndGlobalSection
	GlobalSection(SolutionProperties) = preSolution
		HideSolutionNode = FALSE
	EndGlobalSection
	GlobalSection(ExtensibilityGlobals) = postSolution
		SolutionGuid = {C320DA98-86A2-439D-95F5-308628376326}
	EndGlobalSection
EndGlobal
